
Microsoft Visual Studio Solution File, Format Version 12.00
# Visual Studio Version 16
VisualStudioVersion = 16.0.29418.71
MinimumVisualStudioVersion = 10.0.40219.1
Project("{FAE04EC0-301F-11D3-BF4B-00C04F79EFBC}") = "TaskOrAwait", "TaskOrAwait.csproj", "{2D5648E1-1E48-43B3-803F-D11D8AE26110}"
EndProject
Global
	GlobalSection(SolutionConfigurationPlatforms) = preSolution
		Debug|Any CPU = Debug|Any CPU
		Release|Any CPU = Release|Any CPU
	EndGlobalSection
	GlobalSection(ProjectConfigurationPlatforms) = postSolution
		{2D5648E1-1E48-43B3-803F-D11D8AE26110}.Debug|Any CPU.ActiveCfg = Debug|Any CPU
		{2D5648E1-1E48-43B3-803F-D11D8AE26110}.Debug|Any CPU.Build.0 = Debug|Any CPU
		{2D5648E1-1E48-43B3-803F-D11D8AE26110}.Release|Any CPU.ActiveCfg = Release|Any CPU
		{2D5648E1-1E48-43B3-803F-D11D8AE26110}.Release|Any CPU.Build.0 = Release|Any CPU
	EndGlobalSection
	GlobalSection(SolutionProperties) = preSolution
		HideSolutionNode = FALSE
	EndGlobalSection
	GlobalSection(ExtensibilityGlobals) = postSolution
		SolutionGuid = {1EC633E1-C632-42DA-B0DF-25B4A1800B5B}
	EndGlobalSection
EndGlobal
